
Microsoft Visual Studio Solution File, Format Version 12.00
# Visual Studio Version 17
VisualStudioVersion = 17.13.35825.156 d17.13
MinimumVisualStudioVersion = 10.0.40219.1
Project("{FAE04EC0-301F-11D3-BF4B-00C04F79EFBC}") = "SignalRMVC", "SignalRMVC\SignalRMVC.csproj", "{0265D382-E841-477A-9B81-344A944C9973}"
EndProject
Global
	GlobalSection(SolutionConfigurationPlatforms) = preSolution
		Debug|Any CPU = Debug|Any CPU
		Release|Any CPU = Release|Any CPU
	EndGlobalSection
	GlobalSection(ProjectConfigurationPlatforms) = postSolution
		{0265D382-E841-477A-9B81-344A944C9973}.Debug|Any CPU.ActiveCfg = Debug|Any CPU
		{0265D382-E841-477A-9B81-344A944C9973}.Debug|Any CPU.Build.0 = Debug|Any CPU
		{0265D382-E841-477A-9B81-344A944C9973}.Release|Any CPU.ActiveCfg = Release|Any CPU
		{0265D382-E841-477A-9B81-344A944C9973}.Release|Any CPU.Build.0 = Release|Any CPU
	EndGlobalSection
	GlobalSection(SolutionProperties) = preSolution
		HideSolutionNode = FALSE
	EndGlobalSection
	GlobalSection(ExtensibilityGlobals) = postSolution
		SolutionGuid = {843C92C5-2CBB-4DF0-A0A3-D49C679A5A1B}
	EndGlobalSection
EndGlobal
